
Microsoft Visual Studio Solution File, Format Version 12.00
# Visual Studio Version 16
VisualStudioVersion = 16.0.32602.291
MinimumVisualStudioVersion = 10.0.40219.1
Project("{FAE04EC0-301F-11D3-BF4B-00C04F79EFBC}") = "ModularSkillScripts", "ModularSkillScripts\ModularSkillScripts.csproj", "{9BD2576C-8D44-494C-82A6-FFC78D610AB6}"
EndProject
Global
	GlobalSection(SolutionConfigurationPlatforms) = preSolution
		Debug|Any CPU = Debug|Any CPU
		Release|Any CPU = Release|Any CPU
	EndGlobalSection
	GlobalSection(ProjectConfigurationPlatforms) = postSolution
		{9BD2576C-8D44-494C-82A6-FFC78D610AB6}.Debug|Any CPU.ActiveCfg = Release|Any CPU
		{9BD2576C-8D44-494C-82A6-FFC78D610AB6}.Debug|Any CPU.Build.0 = Release|Any CPU
		{9BD2576C-8D44-494C-82A6-FFC78D610AB6}.Release|Any CPU.ActiveCfg = Release|Any CPU
		{9BD2576C-8D44-494C-82A6-FFC78D610AB6}.Release|Any CPU.Build.0 = Release|Any CPU
	EndGlobalSection
	GlobalSection(SolutionProperties) = preSolution
		HideSolutionNode = FALSE
	EndGlobalSection
	GlobalSection(ExtensibilityGlobals) = postSolution
		SolutionGuid = {BB8831F2-02F4-488D-AF12-DC6BA978D529}
	EndGlobalSection
EndGlobal
